// !$*UTF8*$!
{
	archiveVersion = 1;
	classes = {
	};
	objectVersion = 50;
	objects = {

/* Begin PBXBuildFile section */
		98DD18C723BE9D10001ED340 /* AppDelegate.swift in Sources */ = {isa = PBXBuildFile; fileRef = 98DD18C623BE9D10001ED340 /* AppDelegate.swift */; };
		98DD18C923BE9D10001ED340 /* SceneDelegate.swift in Sources */ = {isa = PBXBuildFile; fileRef = 98DD18C823BE9D10001ED340 /* SceneDelegate.swift */; };
		98DD18CB23BE9D10001ED340 /* ViewController.swift in Sources */ = {isa = PBXBuildFile; fileRef = 98DD18CA23BE9D10001ED340 /* ViewController.swift */; };
		98DD18CE23BE9D10001ED340 /* Main.storyboard in Resources */ = {isa = PBXBuildFile; fileRef = 98DD18CC23BE9D10001ED340 /* Main.storyboard */; };
		98DD18D023BE9D18001ED340 /* Assets.xcassets in Resources */ = {isa = PBXBuildFile; fileRef = 98DD18CF23BE9D18001ED340 /* Assets.xcassets */; };
		98DD18D323BE9D18001ED340 /* LaunchScreen.storyboard in Resources */ = {isa = PBXBuildFile; fileRef = 98DD18D123BE9D18001ED340 /* LaunchScreen.storyboard */; };
		98DD18DE23BE9D18001ED340 /* pokeapiTests.swift in Sources */ = {isa = PBXBuildFile; fileRef = 98DD18DD23BE9D18001ED340 /* pokeapiTests.swift */; };
		98DD18E923BE9D18001ED340 /* pokeapiUITests.swift in Sources */ = {isa = PBXBuildFile; fileRef = 98DD18E823BE9D18001ED340 /* pokeapiUITests.swift */; };
/* End PBXBuildFile section */

/* Begin PBXContainerItemProxy section */
		98DD18DA23BE9D18001ED340 /* PBXContainerItemProxy */ = {
			isa = PBXContainerItemProxy;
			containerPortal = 98DD18BB23BE9D10001ED340 /* Project object */;
			proxyType = 1;
			remoteGlobalIDString = 98DD18C223BE9D10001ED340;
			remoteInfo = pokeapi;
		};
		98DD18E523BE9D18001ED340 /* PBXContainerItemProxy */ = {
			isa = PBXContainerItemProxy;
			containerPortal = 98DD18BB23BE9D10001ED340 /* Project object */;
			proxyType = 1;
			remoteGlobalIDString = 98DD18C223BE9D10001ED340;
			remoteInfo = pokeapi;
		};
/* End PBXContainerItemProxy section */

/* Begin PBXFileReference section */
		98DD18C323BE9D10001ED340 /* pokeapi.app */ = {isa = PBXFileReference; explicitFileType = wrapper.application; includeInIndex = 0; path = pokeapi.app; sourceTree = BUILT_PRODUCTS_DIR; };
		98DD18C623BE9D10001ED340 /* AppDelegate.swift */ = {isa = PBXFileReference; lastKnownFileType = sourcecode.swift; path = AppDelegate.swift; sourceTree = "<group>"; };
		98DD18C823BE9D10001ED340 /* SceneDelegate.swift */ = {isa = PBXFileReference; lastKnownFileType = sourcecode.swift; path = SceneDelegate.swift; sourceTree = "<group>"; };
		98DD18CA23BE9D10001ED340 /* ViewController.swift */ = {isa = PBXFileReference; lastKnownFileType = sourcecode.swift; path = ViewController.swift; sourceTree = "<group>"; };
		98DD18CD23BE9D10001ED340 /* Base */ = {isa = PBXFileReference; lastKnownFileType = file.storyboard; name = Base; path = Base.lproj/Main.storyboard; sourceTree = "<group>"; };
		98DD18CF23BE9D18001ED340 /* Assets.xcassets */ = {isa = PBXFileReference; lastKnownFileType = folder.assetcatalog; path = Assets.xcassets; sourceTree = "<group>"; };
		98DD18D223BE9D18001ED340 /* Base */ = {isa = PBXFileReference; lastKnownFileType = file.storyboard; name = Base; path = Base.lproj/LaunchScreen.storyboard; sourceTree = "<group>"; };
		98DD18D423BE9D18001ED340 /* Info.plist */ = {isa = PBXFileReference; lastKnownFileType = text.plist.xml; path = Info.plist; sourceTree = "<group>"; };
		98DD18D923BE9D18001ED340 /* pokeapiTests.xctest */ = {isa = PBXFileReference; explicitFileType = wrapper.cfbundle; includeInIndex = 0; path = pokeapiTests.xctest; sourceTree = BUILT_PRODUCTS_DIR; };
		98DD18DD23BE9D18001ED340 /* pokeapiTests.swift */ = {isa = PBXFileReference; lastKnownFileType = sourcecode.swift; path = pokeapiTests.swift; sourceTree = "<group>"; };
		98DD18DF23BE9D18001ED340 /* Info.plist */ = {isa = PBXFileReference; lastKnownFileType = text.plist.xml; path = Info.plist; sourceTree = "<group>"; };
		98DD18E423BE9D18001ED340 /* pokeapiUITests.xctest */ = {isa = PBXFileReference; explicitFileType = wrapper.cfbundle; includeInIndex = 0; path = pokeapiUITests.xctest; sourceTree = BUILT_PRODUCTS_DIR; };
		98DD18E823BE9D18001ED340 /* pokeapiUITests.swift */ = {isa = PBXFileReference; lastKnownFileType = sourcecode.swift; path = pokeapiUITests.swift; sourceTree = "<group>"; };
		98DD18EA23BE9D18001ED340 /* Info.plist */ = {isa = PBXFileReference; lastKnownFileType = text.plist.xml; path = Info.plist; sourceTree = "<group>"; };
/* End PBXFileReference section */

/* Begin PBXFrameworksBuildPhase section */
		98DD18C023BE9D10001ED340 /* Frameworks */ = {
			isa = PBXFrameworksBuildPhase;
			buildActionMask = 2147483647;
			files = (
			);
			runOnlyForDeploymentPostprocessing = 0;
		};
		98DD18D623BE9D18001ED340 /* Frameworks */ = {
			isa = PBXFrameworksBuildPhase;
			buildActionMask = 2147483647;
			files = (
			);
			runOnlyForDeploymentPostprocessing = 0;
		};
		98DD18E123BE9D18001ED340 /* Frameworks */ = {
			isa = PBXFrameworksBuildPhase;
			buildActionMask = 2147483647;
			files = (
			);
			runOnlyForDeploymentPostprocessing = 0;
		};
/* End PBXFrameworksBuildPhase section */

/* Begin PBXGroup section */
		98DD18BA23BE9D10001ED340 = {
			isa = PBXGroup;
			children = (
				98DD18C523BE9D10001ED340 /* pokeapi */,
				98DD18DC23BE9D18001ED340 /* pokeapiTests */,
				98DD18E723BE9D18001ED340 /* pokeapiUITests */,
				98DD18C423BE9D10001ED340 /* Products */,
			);
			sourceTree = "<group>";
		};
		98DD18C423BE9D10001ED340 /* Products */ = {
			isa = PBXGroup;
			children = (
				98DD18C323BE9D10001ED340 /* pokeapi.app */,
				98DD18D923BE9D18001ED340 /* pokeapiTests.xctest */,
				98DD18E423BE9D18001ED340 /* pokeapiUITests.xctest */,
			);
			name = Products;
			sourceTree = "<group>";
		};
		98DD18C523BE9D10001ED340 /* pokeapi */ = {
			isa = PBXGroup;
			children = (
				98DD18C623BE9D10001ED340 /* AppDelegate.swift */,
				98DD18C823BE9D10001ED340 /* SceneDelegate.swift */,
				98DD18CA23BE9D10001ED340 /* ViewController.swift */,
				98DD18CC23BE9D10001ED340 /* Main.storyboard */,
				98DD18CF23BE9D18001ED340 /* Assets.xcassets */,
				98DD18D123BE9D18001ED340 /* LaunchScreen.storyboard */,
				98DD18D423BE9D18001ED340 /* Info.plist */,
			);
			path = pokeapi;
			sourceTree = "<group>";
		};
		98DD18DC23BE9D18001ED340 /* pokeapiTests */ = {
			isa = PBXGroup;
			children = (
				98DD18DD23BE9D18001ED340 /* pokeapiTests.swift */,
				98DD18DF23BE9D18001ED340 /* Info.plist */,
			);
			path = pokeapiTests;
			sourceTree = "<group>";
		};
		98DD18E723BE9D18001ED340 /* pokeapiUITests */ = {
			isa = PBXGroup;
			children = (
				98DD18E823BE9D18001ED340 /* pokeapiUITests.swift */,
				98DD18EA23BE9D18001ED340 /* Info.plist */,
			);
			path = pokeapiUITests;
			sourceTree = "<group>";
		};
/* End PBXGroup section */

/* Begin PBXNativeTarget section */
		98DD18C223BE9D10001ED340 /* pokeapi */ = {
			isa = PBXNativeTarget;
			buildConfigurationList = 98DD18ED23BE9D18001ED340 /* Build configuration list for PBXNativeTarget "pokeapi" */;
			buildPhases = (
				98DD18BF23BE9D10001ED340 /* Sources */,
				98DD18C023BE9D10001ED340 /* Frameworks */,
				98DD18C123BE9D10001ED340 /* Resources */,
			);
			buildRules = (
			);
			dependencies = (
			);
			name = pokeapi;
			productName = pokeapi;
			productReference = 98DD18C323BE9D10001ED340 /* pokeapi.app */;
			productType = "com.apple.product-type.application";
		};
		98DD18D823BE9D18001ED340 /* pokeapiTests */ = {
			isa = PBXNativeTarget;
			buildConfigurationList = 98DD18F023BE9D18001ED340 /* Build configuration list for PBXNativeTarget "pokeapiTests" */;
			buildPhases = (
				98DD18D523BE9D18001ED340 /* Sources */,
				98DD18D623BE9D18001ED340 /* Frameworks */,
				98DD18D723BE9D18001ED340 /* Resources */,
			);
			buildRules = (
			);
			dependencies = (
				98DD18DB23BE9D18001ED340 /* PBXTargetDependency */,
			);
			name = pokeapiTests;
			productName = pokeapiTests;
			productReference = 98DD18D923BE9D18001ED340 /* pokeapiTests.xctest */;
			productType = "com.apple.product-type.bundle.unit-test";
		};
		98DD18E323BE9D18001ED340 /* pokeapiUITests */ = {
			isa = PBXNativeTarget;
			buildConfigurationList = 98DD18F323BE9D18001ED340 /* Build configuration list for PBXNativeTarget "pokeapiUITests" */;
			buildPhases = (
				98DD18E023BE9D18001ED340 /* Sources */,
				98DD18E123BE9D18001ED340 /* Frameworks */,
				98DD18E223BE9D18001ED340 /* Resources */,
			);
			buildRules = (
			);
			dependencies = (
				98DD18E623BE9D18001ED340 /* PBXTargetDependency */,
			);
			name = pokeapiUITests;
			productName = pokeapiUITests;
			productReference = 98DD18E423BE9D18001ED340 /* pokeapiUITests.xctest */;
			productType = "com.apple.product-type.bundle.ui-testing";
		};
/* End PBXNativeTarget section */

/* Begin PBXProject section */
		98DD18BB23BE9D10001ED340 /* Project object */ = {
			isa = PBXProject;
			attributes = {
				LastSwiftUpdateCheck = 1130;
				LastUpgradeCheck = 1130;
				ORGANIZATIONNAME = "Torque Studio";
				TargetAttributes = {
					98DD18C223BE9D10001ED340 = {
						CreatedOnToolsVersion = 11.3;
					};
					98DD18D823BE9D18001ED340 = {
						CreatedOnToolsVersion = 11.3;
						TestTargetID = 98DD18C223BE9D10001ED340;
					};
					98DD18E323BE9D18001ED340 = {
						CreatedOnToolsVersion = 11.3;
						TestTargetID = 98DD18C223BE9D10001ED340;
					};
				};
			};
			buildConfigurationList = 98DD18BE23BE9D10001ED340 /* Build configuration list for PBXProject "pokeapi" */;
			compatibilityVersion = "Xcode 9.3";
			developmentRegion = en;
			hasScannedForEncodings = 0;
			knownRegions = (
				en,
				Base,
			);
			mainGroup = 98DD18BA23BE9D10001ED340;
			productRefGroup = 98DD18C423BE9D10001ED340 /* Products */;
			projectDirPath = "";
			projectRoot = "";
			targets = (
				98DD18C223BE9D10001ED340 /* pokeapi */,
				98DD18D823BE9D18001ED340 /* pokeapiTests */,
				98DD18E323BE9D18001ED340 /* pokeapiUITests */,
			);
		};
/* End PBXProject section */

/* Begin PBXResourcesBuildPhase section */
		98DD18C123BE9D10001ED340 /* Resources */ = {
			isa = PBXResourcesBuildPhase;
			buildActionMask = 2147483647;
			files = (
				98DD18D323BE9D18001ED340 /* LaunchScreen.storyboard in Resources */,
				98DD18D023BE9D18001ED340 /* Assets.xcassets in Resources */,
				98DD18CE23BE9D10001ED340 /* Main.storyboard in Resources */,
			);
			runOnlyForDeploymentPostprocessing = 0;
		};
		98DD18D723BE9D18001ED340 /* Resources */ = {
			isa = PBXResourcesBuildPhase;
			buildActionMask = 2147483647;
			files = (
			);
			runOnlyForDeploymentPostprocessing = 0;
		};
		98DD18E223BE9D18001ED340 /* Resources */ = {
			isa = PBXResourcesBuildPhase;
			buildActionMask = 2147483647;
			files = (
			);
			runOnlyForDeploymentPostprocessing = 0;
		};
/* End PBXResourcesBuildPhase section */

/* Begin PBXSourcesBuildPhase section */
		98DD18BF23BE9D10001ED340 /* Sources */ = {
			isa = PBXSourcesBuildPhase;
			buildActionMask = 2147483647;
			files = (
				98DD18CB23BE9D10001ED340 /* ViewController.swift in Sources */,
				98DD18C723BE9D10001ED340 /* AppDelegate.swift in Sources */,
				98DD18C923BE9D10001ED340 /* SceneDelegate.swift in Sources */,
			);
			runOnlyForDeploymentPostprocessing = 0;
		};
		98DD18D523BE9D18001ED340 /* Sources */ = {
			isa = PBXSourcesBuildPhase;
			buildActionMask = 2147483647;
			files = (
				98DD18DE23BE9D18001ED340 /* pokeapiTests.swift in Sources */,
			);
			runOnlyForDeploymentPostprocessing = 0;
		};
		98DD18E023BE9D18001ED340 /* Sources */ = {
			isa = PBXSourcesBuildPhase;
			buildActionMask = 2147483647;
			files = (
				98DD18E923BE9D18001ED340 /* pokeapiUITests.swift in Sources */,
			);
			runOnlyForDeploymentPostprocessing = 0;
		};
/* End PBXSourcesBuildPhase section */

/* Begin PBXTargetDependency section */
		98DD18DB23BE9D18001ED340 /* PBXTargetDependency */ = {
			isa = PBXTargetDependency;
			target = 98DD18C223BE9D10001ED340 /* pokeapi */;
			targetProxy = 98DD18DA23BE9D18001ED340 /* PBXContainerItemProxy */;
		};
		98DD18E623BE9D18001ED340 /* PBXTargetDependency */ = {
			isa = PBXTargetDependency;
			target = 98DD18C223BE9D10001ED340 /* pokeapi */;
			targetProxy = 98DD18E523BE9D18001ED340 /* PBXContainerItemProxy */;
		};
/* End PBXTargetDependency section */

/* Begin PBXVariantGroup section */
		98DD18CC23BE9D10001ED340 /* Main.storyboard */ = {
			isa = PBXVariantGroup;
			children = (
				98DD18CD23BE9D10001ED340 /* Base */,
			);
			name = Main.storyboard;
			sourceTree = "<group>";
		};
		98DD18D123BE9D18001ED340 /* LaunchScreen.storyboard */ = {
			isa = PBXVariantGroup;
			children = (
				98DD18D223BE9D18001ED340 /* Base */,
			);
			name = LaunchScreen.storyboard;
			sourceTree = "<group>";
		};
/* End PBXVariantGroup section */

/* Begin XCBuildConfiguration section */
		98DD18EB23BE9D18001ED340 /* Debug */ = {
			isa = XCBuildConfiguration;
			buildSettings = {
				ALWAYS_SEARCH_USER_PATHS = NO;
				CLANG_ANALYZER_NONNULL = YES;
				CLANG_ANALYZER_NUMBER_OBJECT_CONVERSION = YES_AGGRESSIVE;
				CLANG_CXX_LANGUAGE_STANDARD = "gnu++14";
				CLANG_CXX_LIBRARY = "libc++";
				CLANG_ENABLE_MODULES = YES;
				CLANG_ENABLE_OBJC_ARC = YES;
				CLANG_ENABLE_OBJC_WEAK = YES;
				CLANG_WARN_BLOCK_CAPTURE_AUTORELEASING = YES;
				CLANG_WARN_BOOL_CONVERSION = YES;
				CLANG_WARN_COMMA = YES;
				CLANG_WARN_CONSTANT_CONVERSION = YES;
				CLANG_WARN_DEPRECATED_OBJC_IMPLEMENTATIONS = YES;
				CLANG_WARN_DIRECT_OBJC_ISA_USAGE = YES_ERROR;
				CLANG_WARN_DOCUMENTATION_COMMENTS = YES;
				CLANG_WARN_EMPTY_BODY = YES;
				CLANG_WARN_ENUM_CONVERSION = YES;
				CLANG_WARN_INFINITE_RECURSION = YES;
				CLANG_WARN_INT_CONVERSION = YES;
				CLANG_WARN_NON_LITERAL_NULL_CONVERSION = YES;
				CLANG_WARN_OBJC_IMPLICIT_RETAIN_SELF = YES;
				CLANG_WARN_OBJC_LITERAL_CONVERSION = YES;
				CLANG_WARN_OBJC_ROOT_CLASS = YES_ERROR;
				CLANG_WARN_RANGE_LOOP_ANALYSIS = YES;
				CLANG_WARN_STRICT_PROTOTYPES = YES;
				CLANG_WARN_SUSPICIOUS_MOVE = YES;
				CLANG_WARN_UNGUARDED_AVAILABILITY = YES_AGGRESSIVE;
				CLANG_WARN_UNREACHABLE_CODE = YES;
				CLANG_WARN__DUPLICATE_METHOD_MATCH = YES;
				COPY_PHASE_STRIP = NO;
				DEBUG_INFORMATION_FORMAT = dwarf;
				ENABLE_STRICT_OBJC_MSGSEND = YES;
				ENABLE_TESTABILITY = YES;
				GCC_C_LANGUAGE_STANDARD = gnu11;
				GCC_DYNAMIC_NO_PIC = NO;
				GCC_NO_COMMON_BLOCKS = YES;
				GCC_OPTIMIZATION_LEVEL = 0;
				GCC_PREPROCESSOR_DEFINITIONS = (
					"DEBUG=1",
					"$(inherited)",
				);
				GCC_WARN_64_TO_32_BIT_CONVERSION = YES;
				GCC_WARN_ABOUT_RETURN_TYPE = YES_ERROR;
				GCC_WARN_UNDECLARED_SELECTOR = YES;
				GCC_WARN_UNINITIALIZED_AUTOS = YES_AGGRESSIVE;
				GCC_WARN_UNUSED_FUNCTION = YES;
				GCC_WARN_UNUSED_VARIABLE = YES;
				IPHONEOS_DEPLOYMENT_TARGET = 13.2;
				MTL_ENABLE_DEBUG_INFO = INCLUDE_SOURCE;
				MTL_FAST_MATH = YES;
				ONLY_ACTIVE_ARCH = YES;
				SDKROOT = iphoneos;
				SWIFT_ACTIVE_COMPILATION_CONDITIONS = DEBUG;
				SWIFT_OPTIMIZATION_LEVEL = "-Onone";
			};
			name = Debug;
		};
		98DD18EC23BE9D18001ED340 /* Release */ = {
			isa = XCBuildConfiguration;
			buildSettings = {
				ALWAYS_SEARCH_USER_PATHS = NO;
				CLANG_ANALYZER_NONNULL = YES;
				CLANG_ANALYZER_NUMBER_OBJECT_CONVERSION = YES_AGGRESSIVE;
				CLANG_CXX_LANGUAGE_STANDARD = "gnu++14";
				CLANG_CXX_LIBRARY = "libc++";
				CLANG_ENABLE_MODULES = YES;
				CLANG_ENABLE_OBJC_ARC = YES;
				CLANG_ENABLE_OBJC_WEAK = YES;
				CLANG_WARN_BLOCK_CAPTURE_AUTORELEASING = YES;
				CLANG_WARN_BOOL_CONVERSION = YES;
				CLANG_WARN_COMMA = YES;
				CLANG_WARN_CONSTANT_CONVERSION = YES;
				CLANG_WARN_DEPRECATED_OBJC_IMPLEMENTATIONS = YES;
				CLANG_WARN_DIRECT_OBJC_ISA_USAGE = YES_ERROR;
				CLANG_WARN_DOCUMENTATION_COMMENTS = YES;
				CLANG_WARN_EMPTY_BODY = YES;
				CLANG_WARN_ENUM_CONVERSION = YES;
				CLANG_WARN_INFINITE_RECURSION = YES;
				CLANG_WARN_INT_CONVERSION = YES;
				CLANG_WARN_NON_LITERAL_NULL_CONVERSION = YES;
				CLANG_WARN_OBJC_IMPLICIT_RETAIN_SELF = YES;
				CLANG_WARN_OBJC_LITERAL_CONVERSION = YES;
				CLANG_WARN_OBJC_ROOT_CLASS = YES_ERROR;
				CLANG_WARN_RANGE_LOOP_ANALYSIS = YES;
				CLANG_WARN_STRICT_PROTOTYPES = YES;
				CLANG_WARN_SUSPICIOUS_MOVE = YES;
				CLANG_WARN_UNGUARDED_AVAILABILITY = YES_AGGRESSIVE;
				CLANG_WARN_UNREACHABLE_CODE = YES;
				CLANG_WARN__DUPLICATE_METHOD_MATCH = YES;
				COPY_PHASE_STRIP = NO;
				DEBUG_INFORMATION_FORMAT = "dwarf-with-dsym";
				ENABLE_NS_ASSERTIONS = NO;
				ENABLE_STRICT_OBJC_MSGSEND = YES;
				GCC_C_LANGUAGE_STANDARD = gnu11;
				GCC_NO_COMMON_BLOCKS = YES;
				GCC_WARN_64_TO_32_BIT_CONVERSION = YES;
				GCC_WARN_ABOUT_RETURN_TYPE = YES_ERROR;
				GCC_WARN_UNDECLARED_SELECTOR = YES;
				GCC_WARN_UNINITIALIZED_AUTOS = YES_AGGRESSIVE;
				GCC_WARN_UNUSED_FUNCTION = YES;
				GCC_WARN_UNUSED_VARIABLE = YES;
				IPHONEOS_DEPLOYMENT_TARGET = 13.2;
				MTL_ENABLE_DEBUG_INFO = NO;
				MTL_FAST_MATH = YES;
				SDKROOT = iphoneos;
				SWIFT_COMPILATION_MODE = wholemodule;
				SWIFT_OPTIMIZATION_LEVEL = "-O";
				VALIDATE_PRODUCT = YES;
			};
			name = Release;
		};
		98DD18EE23BE9D18001ED340 /* Debug */ = {
			isa = XCBuildConfiguration;
			buildSettings = {
				ASSETCATALOG_COMPILER_APPICON_NAME = AppIcon;
				CODE_SIGN_STYLE = Automatic;
				INFOPLIST_FILE = pokeapi/Info.plist;
				LD_RUNPATH_SEARCH_PATHS = (
					"$(inherited)",
					"@executable_path/Frameworks",
				);
				PRODUCT_BUNDLE_IDENTIFIER = studio.torque.pokeapi;
				PRODUCT_NAME = "$(TARGET_NAME)";
				SWIFT_VERSION = 5.0;
				TARGETED_DEVICE_FAMILY = "1,2";
			};
			name = Debug;
		};
		98DD18EF23BE9D18001ED340 /* Release */ = {
			isa = XCBuildConfiguration;
			buildSettings = {
				ASSETCATALOG_COMPILER_APPICON_NAME = AppIcon;
				CODE_SIGN_STYLE = Automatic;
				INFOPLIST_FILE = pokeapi/Info.plist;
				LD_RUNPATH_SEARCH_PATHS = (
					"$(inherited)",
					"@executable_path/Frameworks",
				);
				PRODUCT_BUNDLE_IDENTIFIER = studio.torque.pokeapi;
				PRODUCT_NAME = "$(TARGET_NAME)";
				SWIFT_VERSION = 5.0;
				TARGETED_DEVICE_FAMILY = "1,2";
			};
			name = Release;
		};
		98DD18F123BE9D18001ED340 /* Debug */ = {
			isa = XCBuildConfiguration;
			buildSettings = {
				ALWAYS_EMBED_SWIFT_STANDARD_LIBRARIES = YES;
				BUNDLE_LOADER = "$(TEST_HOST)";
				CODE_SIGN_STYLE = Automatic;
				INFOPLIST_FILE = pokeapiTests/Info.plist;
				IPHONEOS_DEPLOYMENT_TARGET = 13.2;
				LD_RUNPATH_SEARCH_PATHS = (
					"$(inherited)",
					"@executable_path/Frameworks",
					"@loader_path/Frameworks",
				);
				PRODUCT_BUNDLE_IDENTIFIER = studio.torque.pokeapiTests;
				PRODUCT_NAME = "$(TARGET_NAME)";
				SWIFT_VERSION = 5.0;
				TARGETED_DEVICE_FAMILY = "1,2";
				TEST_HOST = "$(BUILT_PRODUCTS_DIR)/pokeapi.app/pokeapi";
			};
			name = Debug;
		};
		98DD18F223BE9D18001ED340 /* Release */ = {
			isa = XCBuildConfiguration;
			buildSettings = {
				ALWAYS_EMBED_SWIFT_STANDARD_LIBRARIES = YES;
				BUNDLE_LOADER = "$(TEST_HOST)";
				CODE_SIGN_STYLE = Automatic;
				INFOPLIST_FILE = pokeapiTests/Info.plist;
				IPHONEOS_DEPLOYMENT_TARGET = 13.2;
				LD_RUNPATH_SEARCH_PATHS = (
					"$(inherited)",
					"@executable_path/Frameworks",
					"@loader_path/Frameworks",
				);
				PRODUCT_BUNDLE_IDENTIFIER = studio.torque.pokeapiTests;
				PRODUCT_NAME = "$(TARGET_NAME)";
				SWIFT_VERSION = 5.0;
				TARGETED_DEVICE_FAMILY = "1,2";
				TEST_HOST = "$(BUILT_PRODUCTS_DIR)/pokeapi.app/pokeapi";
			};
			name = Release;
		};
		98DD18F423BE9D18001ED340 /* Debug */ = {
			isa = XCBuildConfiguration;
			buildSettings = {
				ALWAYS_EMBED_SWIFT_STANDARD_LIBRARIES = YES;
				CODE_SIGN_STYLE = Automatic;
				INFOPLIST_FILE = pokeapiUITests/Info.plist;
				LD_RUNPATH_SEARCH_PATHS = (
					"$(inherited)",
					"@executable_path/Frameworks",
					"@loader_path/Frameworks",
				);
				PRODUCT_BUNDLE_IDENTIFIER = studio.torque.pokeapiUITests;
				PRODUCT_NAME = "$(TARGET_NAME)";
				SWIFT_VERSION = 5.0;
				TARGETED_DEVICE_FAMILY = "1,2";
				TEST_TARGET_NAME = pokeapi;
			};
			name = Debug;
		};
		98DD18F523BE9D18001ED340 /* Release */ = {
			isa = XCBuildConfiguration;
			buildSettings = {
				ALWAYS_EMBED_SWIFT_STANDARD_LIBRARIES = YES;
				CODE_SIGN_STYLE = Automatic;
				INFOPLIST_FILE = pokeapiUITests/Info.plist;
				LD_RUNPATH_SEARCH_PATHS = (
					"$(inherited)",
					"@executable_path/Frameworks",
					"@loader_path/Frameworks",
				);
				PRODUCT_BUNDLE_IDENTIFIER = studio.torque.pokeapiUITests;
				PRODUCT_NAME = "$(TARGET_NAME)";
				SWIFT_VERSION = 5.0;
				TARGETED_DEVICE_FAMILY = "1,2";
				TEST_TARGET_NAME = pokeapi;
			};
			name = Release;
		};
/* End XCBuildConfiguration section */

/* Begin XCConfigurationList section */
		98DD18BE23BE9D10001ED340 /* Build configuration list for PBXProject "pokeapi" */ = {
			isa = XCConfigurationList;
			buildConfigurations = (
				98DD18EB23BE9D18001ED340 /* Debug */,
				98DD18EC23BE9D18001ED340 /* Release */,
			);
			defaultConfigurationIsVisible = 0;
			defaultConfigurationName = Release;
		};
		98DD18ED23BE9D18001ED340 /* Build configuration list for PBXNativeTarget "pokeapi" */ = {
			isa = XCConfigurationList;
			buildConfigurations = (
				98DD18EE23BE9D18001ED340 /* Debug */,
				98DD18EF23BE9D18001ED340 /* Release */,
			);
			defaultConfigurationIsVisible = 0;
			defaultConfigurationName = Release;
		};
		98DD18F023BE9D18001ED340 /* Build configuration list for PBXNativeTarget "pokeapiTests" */ = {
			isa = XCConfigurationList;
			buildConfigurations = (
				98DD18F123BE9D18001ED340 /* Debug */,
				98DD18F223BE9D18001ED340 /* Release */,
			);
			defaultConfigurationIsVisible = 0;
			defaultConfigurationName = Release;
		};
		98DD18F323BE9D18001ED340 /* Build configuration list for PBXNativeTarget "pokeapiUITests" */ = {
			isa = XCConfigurationList;
			buildConfigurations = (
				98DD18F423BE9D18001ED340 /* Debug */,
				98DD18F523BE9D18001ED340 /* Release */,
			);
			defaultConfigurationIsVisible = 0;
			defaultConfigurationName = Release;
		};
/* End XCConfigurationList section */
	};
	rootObject = 98DD18BB23BE9D10001ED340 /* Project object */;
}
